{
  "name": "mvp-doc-workspace",
  "version": "0.1.0",
  "lockfileVersion": 3,
  "requires": true,
  "packages": {
    "": {
      "name": "mvp-doc-workspace",
      "version": "0.1.0",
      "devDependencies": {
        "doc-pipeline": "file:../doc-pipeline/packages/cli"
      },
      "engines": {
        "node": ">=18"
      }
    },
    "../doc-pipeline/packages/cli": {
      "name": "doc-pipeline",
      "version": "0.1.4",
      "dev": true,
      "license": "UNLICENSED",
      "dependencies": {
        "fast-glob": "^3.3.3",
        "gray-matter": "^4.0.3",
        "typescript": "^5.9.3"
      },
      "bin": {
        "doc-pipeline": "dist/index.js"
      },
      "engines": {
        "node": ">=20.0.0"
      }
    },
    "node_modules/doc-pipeline": {
      "resolved": "../doc-pipeline/packages/cli",
      "link": true
    }
  }
}
